
Microsoft Visual Studio Solution File, Format Version 12.00
# Visual Studio Version 16
VisualStudioVersion = 16.0.31129.286
MinimumVisualStudioVersion = 10.0.40219.1
Project("{FAE04EC0-301F-11D3-BF4B-00C04F79EFBC}") = "ConsolePhone", "ConsolePhone\ConsolePhone.csproj", "{97D94D6D-34EE-4503-BFC8-DE1DA86F2B34}"
EndProject
Global
	GlobalSection(SolutionConfigurationPlatforms) = preSolution
		Debug|Any CPU = Debug|Any CPU
		Release|Any CPU = Release|Any CPU
	EndGlobalSection
	GlobalSection(ProjectConfigurationPlatforms) = postSolution
		{97D94D6D-34EE-4503-BFC8-DE1DA86F2B34}.Debug|Any CPU.ActiveCfg = Debug|Any CPU
		{97D94D6D-34EE-4503-BFC8-DE1DA86F2B34}.Debug|Any CPU.Build.0 = Debug|Any CPU
		{97D94D6D-34EE-4503-BFC8-DE1DA86F2B34}.Release|Any CPU.ActiveCfg = Release|Any CPU
		{97D94D6D-34EE-4503-BFC8-DE1DA86F2B34}.Release|Any CPU.Build.0 = Release|Any CPU
	EndGlobalSection
	GlobalSection(SolutionProperties) = preSolution
		HideSolutionNode = FALSE
	EndGlobalSection
	GlobalSection(ExtensibilityGlobals) = postSolution
		SolutionGuid = {6DAA057A-AD57-48AD-8CD0-BB4DC8BAE6E3}
	EndGlobalSection
EndGlobal
